// !$*UTF8*$!
{
	archiveVersion = 1;
	classes = {
	};
	objectVersion = 77;
	objects = {

/* Begin PBXBuildFile section */
		BL_07DD25B1E5E3F5DF1E86 /* TokyoProUpgradeModalView.swift in Sources */ = {isa = PBXBuildFile; fileRef = FR_07DD25B1E5E3F5DF1E86 /* TokyoProUpgradeModalView.swift */; };
		BL_ACEB422C519653B973F7 /* WeakWordsLabView.swift in Sources */ = {isa = PBXBuildFile; fileRef = FR_ACEB422C519653B973F7 /* WeakWordsLabView.swift */; };
		BL_96BD16AA826F4C922EE6 /* JLPTDictionaryView.swift in Sources */ = {isa = PBXBuildFile; fileRef = FR_96BD16AA826F4C922EE6 /* JLPTDictionaryView.swift */; };
		BL_F225B6ED1C6FF51D5D2F /* SubscriptionService.swift in Sources */ = {isa = PBXBuildFile; fileRef = FR_F225B6ED1C6FF51D5D2F /* SubscriptionService.swift */; };
		BL_24817A7E1AF3E0F0B155 /* WeakWordTrackerService.swift in Sources */ = {isa = PBXBuildFile; fileRef = FR_24817A7E1AF3E0F0B155 /* WeakWordTrackerService.swift */; };
		BL_7FACADDA027BA42B1F00 /* JLPTDictionaryService.swift in Sources */ = {isa = PBXBuildFile; fileRef = FR_7FACADDA027BA42B1F00 /* JLPTDictionaryService.swift */; };
		BL_155EBCB81B3010C8ACC0 /* JLPTWord.swift in Sources */ = {isa = PBXBuildFile; fileRef = FR_155EBCB81B3010C8ACC0 /* JLPTWord.swift */; };
		BL_2D78B2C64ABC68DD4D74 /* jlpt_dictionary.json in Resources */ = {isa = PBXBuildFile; fileRef = FR_2D78B2C64ABC68DD4D74 /* jlpt_dictionary.json */; };
		B4C5D6E7F8091A2B3C4D5E6F /* NotificationService.swift in Sources */ = {isa = PBXBuildFile; fileRef = A3B4C5D6E7F8091A2B3C4D5E /* NotificationService.swift */; };
		00C184BB211246A50ABF7A31 /* TokyoLeaderboardView.swift in Sources */ = {isa = PBXBuildFile; fileRef = 94EEF3A179DAEC6132A908B2 /* TokyoLeaderboardView.swift */; };
		026A02925CC14D3974B16FB1 /* TokyoProsodyEngine.swift in Sources */ = {isa = PBXBuildFile; fileRef = 09C0F4C5B55455E3A5B4D59D /* TokyoProsodyEngine.swift */; };
		02EB2299F72AF229DAA224C5 /* FlashcardDeckView.swift in Sources */ = {isa = PBXBuildFile; fileRef = EAAB83764925C38A795DF69A /* FlashcardDeckView.swift */; };
		09A80B7808EF89000934DE4D /* SurvivalCheatSheetView.swift in Sources */ = {isa = PBXBuildFile; fileRef = BD65013AD4623FC47F3BD11D /* SurvivalCheatSheetView.swift */; };
		0E5AA3383B614AB2738EE51E /* Curriculum.swift in Sources */ = {isa = PBXBuildFile; fileRef = 20F17D3F4810F83B7E348998 /* Curriculum.swift */; };
		0FF9EB9D55B576D6D8D9CF9D /* nhk_journal_55min.m4a in Resources */ = {isa = PBXBuildFile; fileRef = 104ADEE29AD601CDDC0B03BC /* nhk_journal_55min.m4a */; };
		17DF7383F9705DE2DE7DACA2 /* ComicBurstOverlay.swift in Sources */ = {isa = PBXBuildFile; fileRef = AEA8C3B282E7EA228AD88542 /* ComicBurstOverlay.swift */; };
		1C3BA28CC7D7F8CB46DEA31C /* DailyMissionSheet.swift in Sources */ = {isa = PBXBuildFile; fileRef = ED318AC9AE5A77545A761447 /* DailyMissionSheet.swift */; };
		F5A6B7C8D9E0F1A2B3C4D5E6 /* DailyCheckInStreakCardView.swift in Sources */ = {isa = PBXBuildFile; fileRef = F4A5B6C7D8E9F0A1B2C3D4E5 /* DailyCheckInStreakCardView.swift */; };
		1C749ACF3E1740472DC46579 /* NHKNewsService.swift in Sources */ = {isa = PBXBuildFile; fileRef = 4106DF667D9E5FBF53B87DD9 /* NHKNewsService.swift */; };
		1E37BE6CC5356DFC715FE001 /* Announcement.swift in Sources */ = {isa = PBXBuildFile; fileRef = 189DC5206980A564B7AD0B04 /* Announcement.swift */; };
		20BDAC78F2108A6CB53CC473 /* scenarios.json in Resources */ = {isa = PBXBuildFile; fileRef = F82FB3FEED50E654564AD989 /* scenarios.json */; };
		26BA575D4AFB80FDA333502C /* GamificationService.swift in Sources */ = {isa = PBXBuildFile; fileRef = 0FB00AF60BED5893FDB069D0 /* GamificationService.swift */; };
		2D18CC880F07F71EF2883286 /* daily_news.json in Resources */ = {isa = PBXBuildFile; fileRef = 077EAD7B765B2072157BBDE7 /* daily_news.json */; };
		2FEB3EA5ADDB456D92E348F6 /* ThemePickerSheet.swift in Sources */ = {isa = PBXBuildFile; fileRef = 7409853D614C4C59AD75DCC0 /* ThemePickerSheet.swift */; };
		3371EBCA48A65A66E4D94444 /* sunset.jpg in Resources */ = {isa = PBXBuildFile; fileRef = 9D862B90A7511608FAD86AFF /* sunset.jpg */; };
		33EFC1A132E26F082FAB34EC /* DojoChallenge.swift in Sources */ = {isa = PBXBuildFile; fileRef = 8BC7F9531C0C40882CBDC957 /* DojoChallenge.swift */; };
		3BD65A7DBAF51742C2F9CBA9 /* washi_paper.jpg in Resources */ = {isa = PBXBuildFile; fileRef = 807D192206E730C626685F41 /* washi_paper.jpg */; };
		3BEBB99EE18CBD01690BA7FA /* Scenario.swift in Sources */ = {isa = PBXBuildFile; fileRef = C5C3BA44A75AC4597BFC23F0 /* Scenario.swift */; };
		428BDD4E9C9FCBE8B90D4279 /* TokyoLeaderboard.swift in Sources */ = {isa = PBXBuildFile; fileRef = AC353CBE3D81234299BF52EC /* TokyoLeaderboard.swift */; };
		43655D36050CC1F3DDFDA671 /* nhk_news_002.m4a in Resources */ = {isa = PBXBuildFile; fileRef = 8FD8451E0472B961F21DE359 /* nhk_news_002.m4a */; };
		44F7F525AAD81FD0361EFB3C /* NativeAudioPlayer.swift in Sources */ = {isa = PBXBuildFile; fileRef = BBF24C075F04FC8E178FB536 /* NativeAudioPlayer.swift */; };
		450DBA64DAA089C1B3E5D1EC /* MangaPanelReaderView.swift in Sources */ = {isa = PBXBuildFile; fileRef = 77A6AEA0914F59DAA8396BF7 /* MangaPanelReaderView.swift */; };
		46BC9367AA5229BDAE939527 /* ScenarioDetailView.swift in Sources */ = {isa = PBXBuildFile; fileRef = B7B105DCAA7D9DDF0A6AC036 /* ScenarioDetailView.swift */; };
		4C94B28E2C562B5972655B99 /* WaveformVisualizerView.swift in Sources */ = {isa = PBXBuildFile; fileRef = 320EAB0F1E37C212D8F1A09B /* WaveformVisualizerView.swift */; };
		51588C91FD76E79078AF970A /* TokyoRadioMiniPlayerBar.swift in Sources */ = {isa = PBXBuildFile; fileRef = B9A045308FCAC8B1D0DBE145 /* TokyoRadioMiniPlayerBar.swift */; };
		516DE64439AFE82721637DBD /* TokyoRadioService.swift in Sources */ = {isa = PBXBuildFile; fileRef = 6B9D745F560B54E5AD79DB89 /* TokyoRadioService.swift */; };
		B2C3D4E5F60718293A4B5C6D /* TokyoVoiceBankService.swift in Sources */ = {isa = PBXBuildFile; fileRef = A1B2C3D4E5F60718293A4B5C /* TokyoVoiceBankService.swift */; };
		552A6DE4ECC9664BEA65E1C9 /* TokyoQuestMapView.swift in Sources */ = {isa = PBXBuildFile; fileRef = F174C9DDAD908E73AB361008 /* TokyoQuestMapView.swift */; };
		57D3EA14E97AA5F96BC30BDF /* reading_cat.jpg in Resources */ = {isa = PBXBuildFile; fileRef = 33068DE465E81EFA35534246 /* reading_cat.jpg */; };
		5ACA9D0C6E5EA1727BA37D8D /* TokyoAudioLabView.swift in Sources */ = {isa = PBXBuildFile; fileRef = A21DA1B82E5561F865086448 /* TokyoAudioLabView.swift */; };
		5E77FF0B5A8070DFF35AC822 /* KanaItem.swift in Sources */ = {isa = PBXBuildFile; fileRef = 97F1EB10B93447FDD3ED3B17 /* KanaItem.swift */; };
		5F984B5C2E63CC206CA9F99F /* TokyoRadioPlayerModalView.swift in Sources */ = {isa = PBXBuildFile; fileRef = A2872B2A820CAE6053A88085 /* TokyoRadioPlayerModalView.swift */; };
		62376623D426A1173EADBD06 /* Assets.xcassets in Resources */ = {isa = PBXBuildFile; fileRef = 5A39FC2EE152E31100F8A1FD /* Assets.xcassets */; };
		65379E98118EC59F2A8C8EF7 /* DataManager.swift in Sources */ = {isa = PBXBuildFile; fileRef = 786B5DEC3AADA9ED8BBB95C4 /* DataManager.swift */; };
		71AEC1F2D05CE82FB79A2AE1 /* KanaTableView.swift in Sources */ = {isa = PBXBuildFile; fileRef = BC810F74744DB5AF82F34793 /* KanaTableView.swift */; };
		770F6B12AE1A8B058B2A934F /* TokyoCitizenChat.swift in Sources */ = {isa = PBXBuildFile; fileRef = FE3404928E63F468F32B5E28 /* TokyoCitizenChat.swift */; };
		780F7DA44AA2EDB793EA6B0F /* dojo_battles.json in Resources */ = {isa = PBXBuildFile; fileRef = 07B54B25A93C95EA55A0F200 /* dojo_battles.json */; };
		7A4A052EFACEBF8027FDD812 /* nhk_news_003.m4a in Resources */ = {isa = PBXBuildFile; fileRef = EB3948C70E651F545D8D5E64 /* nhk_news_003.m4a */; };
		7A581EB71DCB8BF31455C45B /* TokyoDojoView.swift in Sources */ = {isa = PBXBuildFile; fileRef = 3230528F947EC6F40F0D6E59 /* TokyoDojoView.swift */; };
		7F257D55D54C3ABD49B5A374 /* NewsShadowingLabView.swift in Sources */ = {isa = PBXBuildFile; fileRef = 21A2F7A15C92AE3581C9FFF4 /* NewsShadowingLabView.swift */; };
		8A15A225D66E72FEC14B73DF /* SRSService.swift in Sources */ = {isa = PBXBuildFile; fileRef = CD84F712EDD2CBAF7553CB8E /* SRSService.swift */; };
		8F822CC2D60C8E960283074F /* RegisterPill.swift in Sources */ = {isa = PBXBuildFile; fileRef = 6963D19311544ED0188044EF /* RegisterPill.swift */; };
		935E6D2A4C048F35E779ED28 /* TokyoRadioStation.swift in Sources */ = {isa = PBXBuildFile; fileRef = 0F6406AFD5322B4A957C02D0 /* TokyoRadioStation.swift */; };
		A1C7BACE20D8DD5DDE299F2C /* DailyQuest.swift in Sources */ = {isa = PBXBuildFile; fileRef = 5C45C246C1DB7C0CFAB59A19 /* DailyQuest.swift */; };
		A5499B895ACAEF0CD758CD6E /* ScenarioMapView.swift in Sources */ = {isa = PBXBuildFile; fileRef = 3775FB1036A6CE18E2A9E92B /* ScenarioMapView.swift */; };
		A61E57C27157AC75A9ED3E2F /* cozy_room.jpg in Resources */ = {isa = PBXBuildFile; fileRef = 912EE7E8E02CBF02459C3A1D /* cozy_room.jpg */; };
		A673DA8A80B9E25EA13C0778 /* UserProfile.swift in Sources */ = {isa = PBXBuildFile; fileRef = 4B8C2923B8DF01420FFFEAD3 /* UserProfile.swift */; };
		A7FE857B0A8ABF1818C0FB85 /* TokyoPassportView.swift in Sources */ = {isa = PBXBuildFile; fileRef = 04C4783F33F4367A34809FDD /* TokyoPassportView.swift */; };
		A924E606E0E5F14FE716424C /* ThemeManager.swift in Sources */ = {isa = PBXBuildFile; fileRef = 407A32D8AEC673E09FB0441D /* ThemeManager.swift */; };
		B143370B56C9819959357965 /* rainy_cafe.jpg in Resources */ = {isa = PBXBuildFile; fileRef = 329FD1E91AF5D75C60B806C3 /* rainy_cafe.jpg */; };
		B4843225C192B5E3CF902E9E /* TokyoFlowApp.swift in Sources */ = {isa = PBXBuildFile; fileRef = E907287E1951E27C44D20306 /* TokyoFlowApp.swift */; };
		B5BA14BE01E43EC1C2900F8D /* manga_lessons.json in Resources */ = {isa = PBXBuildFile; fileRef = 47BD454FA4D8F043AA7AC680 /* manga_lessons.json */; };
		B64849E9FEE4BD59F3279F90 /* TokyoCitizenChatView.swift in Sources */ = {isa = PBXBuildFile; fileRef = 7FCC7980A194616C015CFAD5 /* TokyoCitizenChatView.swift */; };
		BD07C1A87DB7161D334425AA /* QuestStage.swift in Sources */ = {isa = PBXBuildFile; fileRef = 62C9773159AC77D85293BB0B /* QuestStage.swift */; };
		BFEE2193DD6C93865B6A9E91 /* MangaLesson.swift in Sources */ = {isa = PBXBuildFile; fileRef = 65A64E2A9A7807DA9327A6F8 /* MangaLesson.swift */; };
		C0001108849A121D0AD15A0C /* announcements.json in Resources */ = {isa = PBXBuildFile; fileRef = 9A78D966DAFB04F45302EEDC /* announcements.json */; };
		C12D4E069C38D695DD954E13 /* TokyoSocialHubView.swift in Sources */ = {isa = PBXBuildFile; fileRef = 1161E7C2FDC2E50602BA756F /* TokyoSocialHubView.swift */; };
		C1C7FB955407462AA0A0A32D /* DailyNewsItem.swift in Sources */ = {isa = PBXBuildFile; fileRef = 28F3306B69A377CBCB057070 /* DailyNewsItem.swift */; };
		C1DB8D618165651096762BA8 /* SFXDictionaryView.swift in Sources */ = {isa = PBXBuildFile; fileRef = A56AF97C300BB46BA0764315 /* SFXDictionaryView.swift */; };
		C3E066EB2E671AC145508D74 /* FuriganaText.swift in Sources */ = {isa = PBXBuildFile; fileRef = 1ADBF66F7B8F697FA22E579B /* FuriganaText.swift */; };
		C6008AE106CE2C1624D512BD /* MainTabView.swift in Sources */ = {isa = PBXBuildFile; fileRef = AAA3BA9ED0FF08BFDE1534DA /* MainTabView.swift */; };
		CE68FA7AF95FD71BF446BF37 /* InteractiveRoleplayView.swift in Sources */ = {isa = PBXBuildFile; fileRef = 7FCF8749A37C8562EA96AAA8 /* InteractiveRoleplayView.swift */; };
		D1087B017E07A19308A4EE82 /* nhk_news_001.m4a in Resources */ = {isa = PBXBuildFile; fileRef = 74012DEB759BF88E56250AA0 /* nhk_news_001.m4a */; };
		D7AE1AC385ACCB82B66D0943 /* StickmanPlayerView.swift in Sources */ = {isa = PBXBuildFile; fileRef = E37BA44E8AF9DC30DD0F5B9D /* StickmanPlayerView.swift */; };
		DE02659BA15D406FEA83C0D4 /* AudioButton.swift in Sources */ = {isa = PBXBuildFile; fileRef = 4ED698EED024D647DD79BB54 /* AudioButton.swift */; };
		E09B735D375AFDE30B9450BA /* TokyoFlowTests.swift in Sources */ = {isa = PBXBuildFile; fileRef = DDE97679048B6E0DFD9B4640 /* TokyoFlowTests.swift */; };
		E36CA0CF1038B98DA0B46596 /* liquid_glass.jpg in Resources */ = {isa = PBXBuildFile; fileRef = D7606B08FF2A121175D95017 /* liquid_glass.jpg */; };
		E3BB39B0896F94ECCEFA27ED /* PitchAccentBadge.swift in Sources */ = {isa = PBXBuildFile; fileRef = 35829813D83DE4697B90C9AC /* PitchAccentBadge.swift */; };
		E4C6DFC7C35B29F56F497423 /* AudioService.swift in Sources */ = {isa = PBXBuildFile; fileRef = BFFA12433CD6E060A2924615 /* AudioService.swift */; };
		EE810C2723F67D01C5652AF5 /* MangaLabView.swift in Sources */ = {isa = PBXBuildFile; fileRef = 133FF49CF0945BC80F867473 /* MangaLabView.swift */; };
		F0036368131BB88D16D5DA3C /* TokyoSearchSheet.swift in Sources */ = {isa = PBXBuildFile; fileRef = DD599074B84698C16D05C89A /* TokyoSearchSheet.swift */; };
		F2834D8A914B50A7C4EC184D /* akiba_neon.jpg in Resources */ = {isa = PBXBuildFile; fileRef = CFB1C3D1A9879E63372E9111 /* akiba_neon.jpg */; };
		FF989308370B32D97B185A4C /* DailyNewsFeedView.swift in Sources */ = {isa = PBXBuildFile; fileRef = 4DFA67514518B9BEBAF91A49 /* DailyNewsFeedView.swift */; };
		C2B3C4D5E6F708192A3B4C5D /* JapaneseWordSegmenter.swift in Sources */ = {isa = PBXBuildFile; fileRef = B1C2D3E4F5A6B7C8D9E0F1A2 /* JapaneseWordSegmenter.swift */; };
		D3C4B5A6F7E8D9C0B1A2F3E4 /* SegmentedSentenceWordFlowView.swift in Sources */ = {isa = PBXBuildFile; fileRef = E4D5C6B7A8F9E0D1C2B3A4F5 /* SegmentedSentenceWordFlowView.swift */; };
		F5E6D7C8B9A0F1E2D3C4B5A6 /* tokyo_subway.jpg in Resources */ = {isa = PBXBuildFile; fileRef = A6B7C8D9E0F1A2B3C4D5E6F7 /* tokyo_subway.jpg */; };
		B3A4C5D6E7F8091A2B3C4D5E /* VoiceBank in Resources */ = {isa = PBXBuildFile; fileRef = A2B3C4D5E6F708192A3B4C5D /* VoiceBank */; };
/* End PBXBuildFile section */

/* Begin PBXContainerItemProxy section */
		2B98AC09E3FB5A1EC4D72D34 /* PBXContainerItemProxy */ = {
			isa = PBXContainerItemProxy;
			containerPortal = D1F59716BD31937153376A96 /* Project object */;
			proxyType = 1;
			remoteGlobalIDString = 89B83E617BD5EB68B67BF919;
			remoteInfo = TokyoFlow;
		};
/* End PBXContainerItemProxy section */

/* Begin PBXFileReference section */
		FR_07DD25B1E5E3F5DF1E86 /* TokyoProUpgradeModalView.swift */ = {isa = PBXFileReference; lastKnownFileType = sourcecode.swift; path = ../Views/Subscription/TokyoProUpgradeModalView.swift; sourceTree = "<group>"; };
		FR_ACEB422C519653B973F7 /* WeakWordsLabView.swift */ = {isa = PBXFileReference; lastKnownFileType = sourcecode.swift; path = ../Views/Dictionary/WeakWordsLabView.swift; sourceTree = "<group>"; };
		FR_96BD16AA826F4C922EE6 /* JLPTDictionaryView.swift */ = {isa = PBXFileReference; lastKnownFileType = sourcecode.swift; path = ../Views/Dictionary/JLPTDictionaryView.swift; sourceTree = "<group>"; };
		FR_F225B6ED1C6FF51D5D2F /* SubscriptionService.swift */ = {isa = PBXFileReference; lastKnownFileType = sourcecode.swift; path = SubscriptionService.swift; sourceTree = "<group>"; };
		FR_24817A7E1AF3E0F0B155 /* WeakWordTrackerService.swift */ = {isa = PBXFileReference; lastKnownFileType = sourcecode.swift; path = WeakWordTrackerService.swift; sourceTree = "<group>"; };
		FR_7FACADDA027BA42B1F00 /* JLPTDictionaryService.swift */ = {isa = PBXFileReference; lastKnownFileType = sourcecode.swift; path = JLPTDictionaryService.swift; sourceTree = "<group>"; };
		FR_155EBCB81B3010C8ACC0 /* JLPTWord.swift */ = {isa = PBXFileReference; lastKnownFileType = sourcecode.swift; path = ../Models/JLPTWord.swift; sourceTree = "<group>"; };
		FR_2D78B2C64ABC68DD4D74 /* jlpt_dictionary.json */ = {isa = PBXFileReference; lastKnownFileType = text.json; path = jlpt_dictionary.json; sourceTree = "<group>"; };
		A3B4C5D6E7F8091A2B3C4D5E /* NotificationService.swift */ = {isa = PBXFileReference; lastKnownFileType = sourcecode.swift; path = NotificationService.swift; sourceTree = "<group>"; };
		04C4783F33F4367A34809FDD /* TokyoPassportView.swift */ = {isa = PBXFileReference; lastKnownFileType = sourcecode.swift; path = TokyoPassportView.swift; sourceTree = "<group>"; };
		077EAD7B765B2072157BBDE7 /* daily_news.json */ = {isa = PBXFileReference; lastKnownFileType = text.json; path = daily_news.json; sourceTree = "<group>"; };
		07B54B25A93C95EA55A0F200 /* dojo_battles.json */ = {isa = PBXFileReference; lastKnownFileType = text.json; path = dojo_battles.json; sourceTree = "<group>"; };
		09C0F4C5B55455E3A5B4D59D /* TokyoProsodyEngine.swift */ = {isa = PBXFileReference; lastKnownFileType = sourcecode.swift; path = TokyoProsodyEngine.swift; sourceTree = "<group>"; };
		0F6406AFD5322B4A957C02D0 /* TokyoRadioStation.swift */ = {isa = PBXFileReference; lastKnownFileType = sourcecode.swift; path = TokyoRadioStation.swift; sourceTree = "<group>"; };
		0FB00AF60BED5893FDB069D0 /* GamificationService.swift */ = {isa = PBXFileReference; lastKnownFileType = sourcecode.swift; path = GamificationService.swift; sourceTree = "<group>"; };
		104ADEE29AD601CDDC0B03BC /* nhk_journal_55min.m4a */ = {isa = PBXFileReference; path = nhk_journal_55min.m4a; sourceTree = "<group>"; };
		11020AFD791687FF78D9EAFE /* TokyoFlow.app */ = {isa = PBXFileReference; includeInIndex = 0; lastKnownFileType = wrapper.application; path = TokyoFlow.app; sourceTree = BUILT_PRODUCTS_DIR; };
		1161E7C2FDC2E50602BA756F /* TokyoSocialHubView.swift */ = {isa = PBXFileReference; lastKnownFileType = sourcecode.swift; path = TokyoSocialHubView.swift; sourceTree = "<group>"; };
		133FF49CF0945BC80F867473 /* MangaLabView.swift */ = {isa = PBXFileReference; lastKnownFileType = sourcecode.swift; path = MangaLabView.swift; sourceTree = "<group>"; };
		189DC5206980A564B7AD0B04 /* Announcement.swift */ = {isa = PBXFileReference; lastKnownFileType = sourcecode.swift; path = Announcement.swift; sourceTree = "<group>"; };
		1ADBF66F7B8F697FA22E579B /* FuriganaText.swift */ = {isa = PBXFileReference; lastKnownFileType = sourcecode.swift; path = FuriganaText.swift; sourceTree = "<group>"; };
		20F17D3F4810F83B7E348998 /* Curriculum.swift */ = {isa = PBXFileReference; lastKnownFileType = sourcecode.swift; path = Curriculum.swift; sourceTree = "<group>"; };
		21A2F7A15C92AE3581C9FFF4 /* NewsShadowingLabView.swift */ = {isa = PBXFileReference; lastKnownFileType = sourcecode.swift; path = NewsShadowingLabView.swift; sourceTree = "<group>"; };
		28F3306B69A377CBCB057070 /* DailyNewsItem.swift */ = {isa = PBXFileReference; lastKnownFileType = sourcecode.swift; path = DailyNewsItem.swift; sourceTree = "<group>"; };
		320EAB0F1E37C212D8F1A09B /* WaveformVisualizerView.swift */ = {isa = PBXFileReference; lastKnownFileType = sourcecode.swift; path = WaveformVisualizerView.swift; sourceTree = "<group>"; };
		3230528F947EC6F40F0D6E59 /* TokyoDojoView.swift */ = {isa = PBXFileReference; lastKnownFileType = sourcecode.swift; path = TokyoDojoView.swift; sourceTree = "<group>"; };
		329FD1E91AF5D75C60B806C3 /* rainy_cafe.jpg */ = {isa = PBXFileReference; lastKnownFileType = image.jpeg; path = rainy_cafe.jpg; sourceTree = "<group>"; };
		33068DE465E81EFA35534246 /* reading_cat.jpg */ = {isa = PBXFileReference; lastKnownFileType = image.jpeg; path = reading_cat.jpg; sourceTree = "<group>"; };
		35829813D83DE4697B90C9AC /* PitchAccentBadge.swift */ = {isa = PBXFileReference; lastKnownFileType = sourcecode.swift; path = PitchAccentBadge.swift; sourceTree = "<group>"; };
		3775FB1036A6CE18E2A9E92B /* ScenarioMapView.swift */ = {isa = PBXFileReference; lastKnownFileType = sourcecode.swift; path = ScenarioMapView.swift; sourceTree = "<group>"; };
		407A32D8AEC673E09FB0441D /* ThemeManager.swift */ = {isa = PBXFileReference; lastKnownFileType = sourcecode.swift; path = ThemeManager.swift; sourceTree = "<group>"; };
		4106DF667D9E5FBF53B87DD9 /* NHKNewsService.swift */ = {isa = PBXFileReference; lastKnownFileType = sourcecode.swift; path = NHKNewsService.swift; sourceTree = "<group>"; };
		47BD454FA4D8F043AA7AC680 /* manga_lessons.json */ = {isa = PBXFileReference; lastKnownFileType = text.json; path = manga_lessons.json; sourceTree = "<group>"; };
		4B8C2923B8DF01420FFFEAD3 /* UserProfile.swift */ = {isa = PBXFileReference; lastKnownFileType = sourcecode.swift; path = UserProfile.swift; sourceTree = "<group>"; };
		4DFA67514518B9BEBAF91A49 /* DailyNewsFeedView.swift */ = {isa = PBXFileReference; lastKnownFileType = sourcecode.swift; path = DailyNewsFeedView.swift; sourceTree = "<group>"; };
		4ED698EED024D647DD79BB54 /* AudioButton.swift */ = {isa = PBXFileReference; lastKnownFileType = sourcecode.swift; path = AudioButton.swift; sourceTree = "<group>"; };
		580DEDEFF07CB0EFA56BF14C /* TokyoFlowTests.xctest */ = {isa = PBXFileReference; includeInIndex = 0; lastKnownFileType = wrapper.cfbundle; path = TokyoFlowTests.xctest; sourceTree = BUILT_PRODUCTS_DIR; };
		5A39FC2EE152E31100F8A1FD /* Assets.xcassets */ = {isa = PBXFileReference; lastKnownFileType = folder.assetcatalog; path = Assets.xcassets; sourceTree = "<group>"; };
		5C45C246C1DB7C0CFAB59A19 /* DailyQuest.swift */ = {isa = PBXFileReference; lastKnownFileType = sourcecode.swift; path = DailyQuest.swift; sourceTree = "<group>"; };
		62C9773159AC77D85293BB0B /* QuestStage.swift */ = {isa = PBXFileReference; lastKnownFileType = sourcecode.swift; path = QuestStage.swift; sourceTree = "<group>"; };
		65A64E2A9A7807DA9327A6F8 /* MangaLesson.swift */ = {isa = PBXFileReference; lastKnownFileType = sourcecode.swift; path = MangaLesson.swift; sourceTree = "<group>"; };
		6963D19311544ED0188044EF /* RegisterPill.swift */ = {isa = PBXFileReference; lastKnownFileType = sourcecode.swift; path = RegisterPill.swift; sourceTree = "<group>"; };
		6B9D745F560B54E5AD79DB89 /* TokyoRadioService.swift */ = {isa = PBXFileReference; lastKnownFileType = sourcecode.swift; path = TokyoRadioService.swift; sourceTree = "<group>"; };
		A1B2C3D4E5F60718293A4B5C /* TokyoVoiceBankService.swift */ = {isa = PBXFileReference; lastKnownFileType = sourcecode.swift; path = TokyoVoiceBankService.swift; sourceTree = "<group>"; };
		74012DEB759BF88E56250AA0 /* nhk_news_001.m4a */ = {isa = PBXFileReference; path = nhk_news_001.m4a; sourceTree = "<group>"; };
		7409853D614C4C59AD75DCC0 /* ThemePickerSheet.swift */ = {isa = PBXFileReference; lastKnownFileType = sourcecode.swift; path = ThemePickerSheet.swift; sourceTree = "<group>"; };
		77A6AEA0914F59DAA8396BF7 /* MangaPanelReaderView.swift */ = {isa = PBXFileReference; lastKnownFileType = sourcecode.swift; path = MangaPanelReaderView.swift; sourceTree = "<group>"; };
		786B5DEC3AADA9ED8BBB95C4 /* DataManager.swift */ = {isa = PBXFileReference; lastKnownFileType = sourcecode.swift; path = DataManager.swift; sourceTree = "<group>"; };
		7FCC7980A194616C015CFAD5 /* TokyoCitizenChatView.swift */ = {isa = PBXFileReference; lastKnownFileType = sourcecode.swift; path = TokyoCitizenChatView.swift; sourceTree = "<group>"; };
		7FCF8749A37C8562EA96AAA8 /* InteractiveRoleplayView.swift */ = {isa = PBXFileReference; lastKnownFileType = sourcecode.swift; path = InteractiveRoleplayView.swift; sourceTree = "<group>"; };
		807D192206E730C626685F41 /* washi_paper.jpg */ = {isa = PBXFileReference; lastKnownFileType = image.jpeg; path = washi_paper.jpg; sourceTree = "<group>"; };
		8BC7F9531C0C40882CBDC957 /* DojoChallenge.swift */ = {isa = PBXFileReference; lastKnownFileType = sourcecode.swift; path = DojoChallenge.swift; sourceTree = "<group>"; };
		8FD8451E0472B961F21DE359 /* nhk_news_002.m4a */ = {isa = PBXFileReference; path = nhk_news_002.m4a; sourceTree = "<group>"; };
		912EE7E8E02CBF02459C3A1D /* cozy_room.jpg */ = {isa = PBXFileReference; lastKnownFileType = image.jpeg; path = cozy_room.jpg; sourceTree = "<group>"; };
		94EEF3A179DAEC6132A908B2 /* TokyoLeaderboardView.swift */ = {isa = PBXFileReference; lastKnownFileType = sourcecode.swift; path = TokyoLeaderboardView.swift; sourceTree = "<group>"; };
		97F1EB10B93447FDD3ED3B17 /* KanaItem.swift */ = {isa = PBXFileReference; lastKnownFileType = sourcecode.swift; path = KanaItem.swift; sourceTree = "<group>"; };
		9A78D966DAFB04F45302EEDC /* announcements.json */ = {isa = PBXFileReference; lastKnownFileType = text.json; path = announcements.json; sourceTree = "<group>"; };
		9D862B90A7511608FAD86AFF /* sunset.jpg */ = {isa = PBXFileReference; lastKnownFileType = image.jpeg; path = sunset.jpg; sourceTree = "<group>"; };
		A21DA1B82E5561F865086448 /* TokyoAudioLabView.swift */ = {isa = PBXFileReference; lastKnownFileType = sourcecode.swift; path = TokyoAudioLabView.swift; sourceTree = "<group>"; };
		A2872B2A820CAE6053A88085 /* TokyoRadioPlayerModalView.swift */ = {isa = PBXFileReference; lastKnownFileType = sourcecode.swift; path = TokyoRadioPlayerModalView.swift; sourceTree = "<group>"; };
		A56AF97C300BB46BA0764315 /* SFXDictionaryView.swift */ = {isa = PBXFileReference; lastKnownFileType = sourcecode.swift; path = SFXDictionaryView.swift; sourceTree = "<group>"; };
		AAA3BA9ED0FF08BFDE1534DA /* MainTabView.swift */ = {isa = PBXFileReference; lastKnownFileType = sourcecode.swift; path = MainTabView.swift; sourceTree = "<group>"; };
		AC353CBE3D81234299BF52EC /* TokyoLeaderboard.swift */ = {isa = PBXFileReference; lastKnownFileType = sourcecode.swift; path = TokyoLeaderboard.swift; sourceTree = "<group>"; };
		AEA8C3B282E7EA228AD88542 /* ComicBurstOverlay.swift */ = {isa = PBXFileReference; lastKnownFileType = sourcecode.swift; path = ComicBurstOverlay.swift; sourceTree = "<group>"; };
		B7B105DCAA7D9DDF0A6AC036 /* ScenarioDetailView.swift */ = {isa = PBXFileReference; lastKnownFileType = sourcecode.swift; path = ScenarioDetailView.swift; sourceTree = "<group>"; };
		B9A045308FCAC8B1D0DBE145 /* TokyoRadioMiniPlayerBar.swift */ = {isa = PBXFileReference; lastKnownFileType = sourcecode.swift; path = TokyoRadioMiniPlayerBar.swift; sourceTree = "<group>"; };
		BBF24C075F04FC8E178FB536 /* NativeAudioPlayer.swift */ = {isa = PBXFileReference; lastKnownFileType = sourcecode.swift; path = NativeAudioPlayer.swift; sourceTree = "<group>"; };
		BC810F74744DB5AF82F34793 /* KanaTableView.swift */ = {isa = PBXFileReference; lastKnownFileType = sourcecode.swift; path = KanaTableView.swift; sourceTree = "<group>"; };
		BD65013AD4623FC47F3BD11D /* SurvivalCheatSheetView.swift */ = {isa = PBXFileReference; lastKnownFileType = sourcecode.swift; path = SurvivalCheatSheetView.swift; sourceTree = "<group>"; };
		BFFA12433CD6E060A2924615 /* AudioService.swift */ = {isa = PBXFileReference; lastKnownFileType = sourcecode.swift; path = AudioService.swift; sourceTree = "<group>"; };
		C5C3BA44A75AC4597BFC23F0 /* Scenario.swift */ = {isa = PBXFileReference; lastKnownFileType = sourcecode.swift; path = Scenario.swift; sourceTree = "<group>"; };
		CD84F712EDD2CBAF7553CB8E /* SRSService.swift */ = {isa = PBXFileReference; lastKnownFileType = sourcecode.swift; path = SRSService.swift; sourceTree = "<group>"; };
		CFB1C3D1A9879E63372E9111 /* akiba_neon.jpg */ = {isa = PBXFileReference; lastKnownFileType = image.jpeg; path = akiba_neon.jpg; sourceTree = "<group>"; };
		D7606B08FF2A121175D95017 /* liquid_glass.jpg */ = {isa = PBXFileReference; lastKnownFileType = image.jpeg; path = liquid_glass.jpg; sourceTree = "<group>"; };
		DD599074B84698C16D05C89A /* TokyoSearchSheet.swift */ = {isa = PBXFileReference; lastKnownFileType = sourcecode.swift; path = TokyoSearchSheet.swift; sourceTree = "<group>"; };
		DDE97679048B6E0DFD9B4640 /* TokyoFlowTests.swift */ = {isa = PBXFileReference; lastKnownFileType = sourcecode.swift; path = TokyoFlowTests.swift; sourceTree = "<group>"; };
		E37BA44E8AF9DC30DD0F5B9D /* StickmanPlayerView.swift */ = {isa = PBXFileReference; lastKnownFileType = sourcecode.swift; path = StickmanPlayerView.swift; sourceTree = "<group>"; };
		E907287E1951E27C44D20306 /* TokyoFlowApp.swift */ = {isa = PBXFileReference; lastKnownFileType = sourcecode.swift; path = TokyoFlowApp.swift; sourceTree = "<group>"; };
		EAAB83764925C38A795DF69A /* FlashcardDeckView.swift */ = {isa = PBXFileReference; lastKnownFileType = sourcecode.swift; path = FlashcardDeckView.swift; sourceTree = "<group>"; };
		EB3948C70E651F545D8D5E64 /* nhk_news_003.m4a */ = {isa = PBXFileReference; path = nhk_news_003.m4a; sourceTree = "<group>"; };
		ED318AC9AE5A77545A761447 /* DailyMissionSheet.swift */ = {isa = PBXFileReference; lastKnownFileType = sourcecode.swift; path = DailyMissionSheet.swift; sourceTree = "<group>"; };
		F4A5B6C7D8E9F0A1B2C3D4E5 /* DailyCheckInStreakCardView.swift */ = {isa = PBXFileReference; lastKnownFileType = sourcecode.swift; path = DailyCheckInStreakCardView.swift; sourceTree = "<group>"; };
		F174C9DDAD908E73AB361008 /* TokyoQuestMapView.swift */ = {isa = PBXFileReference; lastKnownFileType = sourcecode.swift; path = TokyoQuestMapView.swift; sourceTree = "<group>"; };
		F300D6636A385734958B3BA4 /* Info.plist */ = {isa = PBXFileReference; lastKnownFileType = text.plist; path = Info.plist; sourceTree = "<group>"; };
		F82FB3FEED50E654564AD989 /* scenarios.json */ = {isa = PBXFileReference; lastKnownFileType = text.json; path = scenarios.json; sourceTree = "<group>"; };
		FE3404928E63F468F32B5E28 /* TokyoCitizenChat.swift */ = {isa = PBXFileReference; lastKnownFileType = sourcecode.swift; path = TokyoCitizenChat.swift; sourceTree = "<group>"; };
		B1C2D3E4F5A6B7C8D9E0F1A2 /* JapaneseWordSegmenter.swift */ = {isa = PBXFileReference; lastKnownFileType = sourcecode.swift; path = JapaneseWordSegmenter.swift; sourceTree = "<group>"; };
		E4D5C6B7A8F9E0D1C2B3A4F5 /* SegmentedSentenceWordFlowView.swift */ = {isa = PBXFileReference; lastKnownFileType = sourcecode.swift; path = SegmentedSentenceWordFlowView.swift; sourceTree = "<group>"; };
		A6B7C8D9E0F1A2B3C4D5E6F7 /* tokyo_subway.jpg */ = {isa = PBXFileReference; lastKnownFileType = image.jpeg; path = tokyo_subway.jpg; sourceTree = "<group>"; };
		A2B3C4D5E6F708192A3B4C5D /* VoiceBank */ = {isa = PBXFileReference; lastKnownFileType = folder; path = VoiceBank; sourceTree = "<group>"; };
/* End PBXFileReference section */

/* Begin PBXGroup section */
		14F04284C0459C8D3FB5DD5F /* Manga */ = {
			isa = PBXGroup;
			children = (
				133FF49CF0945BC80F867473 /* MangaLabView.swift */,
				77A6AEA0914F59DAA8396BF7 /* MangaPanelReaderView.swift */,
				A56AF97C300BB46BA0764315 /* SFXDictionaryView.swift */,
			);
			path = Manga;
			sourceTree = "<group>";
		};
		1C3545F8F72AD65A2C9E9D51 /* Audio */ = {
			isa = PBXGroup;
			children = (
				104ADEE29AD601CDDC0B03BC /* nhk_journal_55min.m4a */,
				74012DEB759BF88E56250AA0 /* nhk_news_001.m4a */,
				8FD8451E0472B961F21DE359 /* nhk_news_002.m4a */,
				EB3948C70E651F545D8D5E64 /* nhk_news_003.m4a */,
				A2B3C4D5E6F708192A3B4C5D /* VoiceBank */,
			);
			path = Audio;
			sourceTree = "<group>";
		};
		2064F8CEFB2DCCB7E5058DEA /* Products */ = {
			isa = PBXGroup;
			children = (
				11020AFD791687FF78D9EAFE /* TokyoFlow.app */,
				580DEDEFF07CB0EFA56BF14C /* TokyoFlowTests.xctest */,
			);
			name = Products;
			sourceTree = "<group>";
		};
		2C10A8EC0883F9FDBCD760D4 /* Components */ = {
			isa = PBXGroup;
			children = (
				4ED698EED024D647DD79BB54 /* AudioButton.swift */,
				AEA8C3B282E7EA228AD88542 /* ComicBurstOverlay.swift */,
				1ADBF66F7B8F697FA22E579B /* FuriganaText.swift */,
				35829813D83DE4697B90C9AC /* PitchAccentBadge.swift */,
				6963D19311544ED0188044EF /* RegisterPill.swift */,
				E37BA44E8AF9DC30DD0F5B9D /* StickmanPlayerView.swift */,
				7409853D614C4C59AD75DCC0 /* ThemePickerSheet.swift */,
				DD599074B84698C16D05C89A /* TokyoSearchSheet.swift */,
				320EAB0F1E37C212D8F1A09B /* WaveformVisualizerView.swift */,
			);
			path = Components;
			sourceTree = "<group>";
		};
		2FE64395BE7F48978EE31151 /* AudioLab */ = {
			isa = PBXGroup;
			children = (
				A21DA1B82E5561F865086448 /* TokyoAudioLabView.swift */,
			);
			path = AudioLab;
			sourceTree = "<group>";
		};
		4331681463CF86F4F3EF561D /* Resources */ = {
			isa = PBXGroup;
			children = (
				9A78D966DAFB04F45302EEDC /* announcements.json */,
				5A39FC2EE152E31100F8A1FD /* Assets.xcassets */,
				077EAD7B765B2072157BBDE7 /* daily_news.json */,
				07B54B25A93C95EA55A0F200 /* dojo_battles.json */,
				47BD454FA4D8F043AA7AC680 /* manga_lessons.json */,
				F82FB3FEED50E654564AD989 /* scenarios.json */,
				FR_2D78B2C64ABC68DD4D74 /* jlpt_dictionary.json */,
				1C3545F8F72AD65A2C9E9D51 /* Audio */,
				9E27D58E202486435AF74928 /* Wallpapers */,
			);
			path = Resources;
			sourceTree = "<group>";
		};
		4CF388E5D9D04FCD944CC21C /* Services */ = {
			isa = PBXGroup;
			children = (
				BFFA12433CD6E060A2924615 /* AudioService.swift */,
				786B5DEC3AADA9ED8BBB95C4 /* DataManager.swift */,
				0FB00AF60BED5893FDB069D0 /* GamificationService.swift */,
				B1C2D3E4F5A6B7C8D9E0F1A2 /* JapaneseWordSegmenter.swift */,
				BBF24C075F04FC8E178FB536 /* NativeAudioPlayer.swift */,
				4106DF667D9E5FBF53B87DD9 /* NHKNewsService.swift */,
				CD84F712EDD2CBAF7553CB8E /* SRSService.swift */,
				407A32D8AEC673E09FB0441D /* ThemeManager.swift */,
				09C0F4C5B55455E3A5B4D59D /* TokyoProsodyEngine.swift */,
				6B9D745F560B54E5AD79DB89 /* TokyoRadioService.swift */,
				A1B2C3D4E5F60718293A4B5C /* TokyoVoiceBankService.swift */,
				FR_07DD25B1E5E3F5DF1E86 /* TokyoProUpgradeModalView.swift */,
				FR_ACEB422C519653B973F7 /* WeakWordsLabView.swift */,
				FR_96BD16AA826F4C922EE6 /* JLPTDictionaryView.swift */,
				FR_F225B6ED1C6FF51D5D2F /* SubscriptionService.swift */,
				FR_24817A7E1AF3E0F0B155 /* WeakWordTrackerService.swift */,
				FR_7FACADDA027BA42B1F00 /* JLPTDictionaryService.swift */,
				FR_155EBCB81B3010C8ACC0 /* JLPTWord.swift */,
				A3B4C5D6E7F8091A2B3C4D5E /* NotificationService.swift */,
			);
			path = Services;
			sourceTree = "<group>";
		};
		5CA98EC579F4BFD0AC43D3EF /* Models */ = {
			isa = PBXGroup;
			children = (
				189DC5206980A564B7AD0B04 /* Announcement.swift */,
				20F17D3F4810F83B7E348998 /* Curriculum.swift */,
				28F3306B69A377CBCB057070 /* DailyNewsItem.swift */,
				5C45C246C1DB7C0CFAB59A19 /* DailyQuest.swift */,
				8BC7F9531C0C40882CBDC957 /* DojoChallenge.swift */,
				97F1EB10B93447FDD3ED3B17 /* KanaItem.swift */,
				65A64E2A9A7807DA9327A6F8 /* MangaLesson.swift */,
				62C9773159AC77D85293BB0B /* QuestStage.swift */,
				C5C3BA44A75AC4597BFC23F0 /* Scenario.swift */,
				FE3404928E63F468F32B5E28 /* TokyoCitizenChat.swift */,
				AC353CBE3D81234299BF52EC /* TokyoLeaderboard.swift */,
				0F6406AFD5322B4A957C02D0 /* TokyoRadioStation.swift */,
				4B8C2923B8DF01420FFFEAD3 /* UserProfile.swift */,
			);
			path = Models;
			sourceTree = "<group>";
		};
		60952D8A17F393AB73C259AE /* TokyoFlow */ = {
			isa = PBXGroup;
			children = (
				F300D6636A385734958B3BA4 /* Info.plist */,
				D260C01607AE42FA30890ADB /* App */,
				5CA98EC579F4BFD0AC43D3EF /* Models */,
				4331681463CF86F4F3EF561D /* Resources */,
				4CF388E5D9D04FCD944CC21C /* Services */,
				E2DF4F9455DDA36471C40981 /* Views */,
			);
			path = TokyoFlow;
			sourceTree = "<group>";
		};
		73422C6D96324890903E075A /* Scenario */ = {
			isa = PBXGroup;
			children = (
				7FCF8749A37C8562EA96AAA8 /* InteractiveRoleplayView.swift */,
				B7B105DCAA7D9DDF0A6AC036 /* ScenarioDetailView.swift */,
				3775FB1036A6CE18E2A9E92B /* ScenarioMapView.swift */,
			);
			path = Scenario;
			sourceTree = "<group>";
		};
		7DF42DEBDB5241239165F934 = {
			isa = PBXGroup;
			children = (
				60952D8A17F393AB73C259AE /* TokyoFlow */,
				F642B5F8A6592B3A1E625B9E /* TokyoFlowTests */,
				2064F8CEFB2DCCB7E5058DEA /* Products */,
			);
			sourceTree = "<group>";
		};
		80D9300764193D893BAE720E /* Kana */ = {
			isa = PBXGroup;
			children = (
				BC810F74744DB5AF82F34793 /* KanaTableView.swift */,
			);
			path = Kana;
			sourceTree = "<group>";
		};
		830EF9AC305284FF08C4F098 /* Progress */ = {
			isa = PBXGroup;
			children = (
				04C4783F33F4367A34809FDD /* TokyoPassportView.swift */,
			);
			path = Progress;
			sourceTree = "<group>";
		};
		930A6220514F2ED50D046727 /* DailyNews */ = {
			isa = PBXGroup;
			children = (
				4DFA67514518B9BEBAF91A49 /* DailyNewsFeedView.swift */,
				21A2F7A15C92AE3581C9FFF4 /* NewsShadowingLabView.swift */,
				E4D5C6B7A8F9E0D1C2B3A4F5 /* SegmentedSentenceWordFlowView.swift */,
				B9A045308FCAC8B1D0DBE145 /* TokyoRadioMiniPlayerBar.swift */,
				A2872B2A820CAE6053A88085 /* TokyoRadioPlayerModalView.swift */,
			);
			path = DailyNews;
			sourceTree = "<group>";
		};
		9E27D58E202486435AF74928 /* Wallpapers */ = {
			isa = PBXGroup;
			children = (
				CFB1C3D1A9879E63372E9111 /* akiba_neon.jpg */,
				912EE7E8E02CBF02459C3A1D /* cozy_room.jpg */,
				D7606B08FF2A121175D95017 /* liquid_glass.jpg */,
				329FD1E91AF5D75C60B806C3 /* rainy_cafe.jpg */,
				33068DE465E81EFA35534246 /* reading_cat.jpg */,
				9D862B90A7511608FAD86AFF /* sunset.jpg */,
				A6B7C8D9E0F1A2B3C4D5E6F7 /* tokyo_subway.jpg */,
				807D192206E730C626685F41 /* washi_paper.jpg */,
			);
			path = Wallpapers;
			sourceTree = "<group>";
		};
		A3C8B25D44361050F8C78D0E /* Dojo */ = {
			isa = PBXGroup;
			children = (
				3230528F947EC6F40F0D6E59 /* TokyoDojoView.swift */,
			);
			path = Dojo;
			sourceTree = "<group>";
		};
		C741F3CB6520DFC64D162C83 /* Gamification */ = {
			isa = PBXGroup;
			children = (
				ED318AC9AE5A77545A761447 /* DailyMissionSheet.swift */,
				F4A5B6C7D8E9F0A1B2C3D4E5 /* DailyCheckInStreakCardView.swift */,
				94EEF3A179DAEC6132A908B2 /* TokyoLeaderboardView.swift */,
			);
			path = Gamification;
			sourceTree = "<group>";
		};
		D260C01607AE42FA30890ADB /* App */ = {
			isa = PBXGroup;
			children = (
				E907287E1951E27C44D20306 /* TokyoFlowApp.swift */,
			);
			path = App;
			sourceTree = "<group>";
		};
		D8E5BA8DA1C836BF0B2B8102 /* Social */ = {
			isa = PBXGroup;
			children = (
				7FCC7980A194616C015CFAD5 /* TokyoCitizenChatView.swift */,
				1161E7C2FDC2E50602BA756F /* TokyoSocialHubView.swift */,
			);
			path = Social;
			sourceTree = "<group>";
		};
		DA14487DDC84BD6B6E518798 /* Roadmap */ = {
			isa = PBXGroup;
			children = (
				F174C9DDAD908E73AB361008 /* TokyoQuestMapView.swift */,
			);
			path = Roadmap;
			sourceTree = "<group>";
		};
		E2DF4F9455DDA36471C40981 /* Views */ = {
			isa = PBXGroup;
			children = (
				AAA3BA9ED0FF08BFDE1534DA /* MainTabView.swift */,
				2FE64395BE7F48978EE31151 /* AudioLab */,
				2C10A8EC0883F9FDBCD760D4 /* Components */,
				930A6220514F2ED50D046727 /* DailyNews */,
				A3C8B25D44361050F8C78D0E /* Dojo */,
				C741F3CB6520DFC64D162C83 /* Gamification */,
				80D9300764193D893BAE720E /* Kana */,
				14F04284C0459C8D3FB5DD5F /* Manga */,
				830EF9AC305284FF08C4F098 /* Progress */,
				DA14487DDC84BD6B6E518798 /* Roadmap */,
				73422C6D96324890903E075A /* Scenario */,
				D8E5BA8DA1C836BF0B2B8102 /* Social */,
				F0DE9E52CB44E9F8009C2EF8 /* SurvivalKit */,
			);
			path = Views;
			sourceTree = "<group>";
		};
		F0DE9E52CB44E9F8009C2EF8 /* SurvivalKit */ = {
			isa = PBXGroup;
			children = (
				EAAB83764925C38A795DF69A /* FlashcardDeckView.swift */,
				BD65013AD4623FC47F3BD11D /* SurvivalCheatSheetView.swift */,
			);
			path = SurvivalKit;
			sourceTree = "<group>";
		};
		F642B5F8A6592B3A1E625B9E /* TokyoFlowTests */ = {
			isa = PBXGroup;
			children = (
				DDE97679048B6E0DFD9B4640 /* TokyoFlowTests.swift */,
			);
			path = TokyoFlowTests;
			sourceTree = "<group>";
		};
/* End PBXGroup section */

/* Begin PBXNativeTarget section */
		02B175BAE3AA806D4048E170 /* TokyoFlowTests */ = {
			isa = PBXNativeTarget;
			buildConfigurationList = 60E9B99F33BE8D83D9A2055C /* Build configuration list for PBXNativeTarget "TokyoFlowTests" */;
			buildPhases = (
				3188FD08797963F99D033440 /* Sources */,
			);
			buildRules = (
			);
			dependencies = (
				2F6A6D7DD4C7368EC25E4F0A /* PBXTargetDependency */,
			);
			name = TokyoFlowTests;
			packageProductDependencies = (
			);
			productName = TokyoFlowTests;
			productReference = 580DEDEFF07CB0EFA56BF14C /* TokyoFlowTests.xctest */;
			productType = "com.apple.product-type.bundle.unit-test";
		};
		89B83E617BD5EB68B67BF919 /* TokyoFlow */ = {
			isa = PBXNativeTarget;
			buildConfigurationList = 67DD9DA230A91628003AFD15 /* Build configuration list for PBXNativeTarget "TokyoFlow" */;
			buildPhases = (
				4573AABA56CF422144E60AB5 /* Sources */,
				2208F7BC13EBF666E57FDA5F /* Resources */,
			);
			buildRules = (
			);
			dependencies = (
			);
			name = TokyoFlow;
			packageProductDependencies = (
			);
			productName = TokyoFlow;
			productReference = 11020AFD791687FF78D9EAFE /* TokyoFlow.app */;
			productType = "com.apple.product-type.application";
		};
/* End PBXNativeTarget section */

/* Begin PBXProject section */
		D1F59716BD31937153376A96 /* Project object */ = {
			isa = PBXProject;
			attributes = {
				BuildIndependentTargetsInParallel = YES;
				LastUpgradeCheck = 1540;
				TargetAttributes = {
					02B175BAE3AA806D4048E170 = {
						DevelopmentTeam = X5L4GA7WZP;
						ProvisioningStyle = Automatic;
					};
					89B83E617BD5EB68B67BF919 = {
						DevelopmentTeam = X5L4GA7WZP;
						ProvisioningStyle = Automatic;
					};
				};
			};
			buildConfigurationList = 07DBD26A1AA2FC9C199AAF41 /* Build configuration list for PBXProject "TokyoFlow" */;
			developmentRegion = en;
			hasScannedForEncodings = 0;
			knownRegions = (
				Base,
				en,
			);
			mainGroup = 7DF42DEBDB5241239165F934;
			minimizedProjectReferenceProxies = 1;
			preferredProjectObjectVersion = 77;
			productRefGroup = 2064F8CEFB2DCCB7E5058DEA /* Products */;
			projectDirPath = "";
			projectRoot = "";
			targets = (
				89B83E617BD5EB68B67BF919 /* TokyoFlow */,
				02B175BAE3AA806D4048E170 /* TokyoFlowTests */,
			);
		};
/* End PBXProject section */

/* Begin PBXResourcesBuildPhase section */
		2208F7BC13EBF666E57FDA5F /* Resources */ = {
			isa = PBXResourcesBuildPhase;
			buildActionMask = 2147483647;
			files = (
				62376623D426A1173EADBD06 /* Assets.xcassets in Resources */,
				F2834D8A914B50A7C4EC184D /* akiba_neon.jpg in Resources */,
				C0001108849A121D0AD15A0C /* announcements.json in Resources */,
				A61E57C27157AC75A9ED3E2F /* cozy_room.jpg in Resources */,
				2D18CC880F07F71EF2883286 /* daily_news.json in Resources */,
				780F7DA44AA2EDB793EA6B0F /* dojo_battles.json in Resources */,
				E36CA0CF1038B98DA0B46596 /* liquid_glass.jpg in Resources */,
				B5BA14BE01E43EC1C2900F8D /* manga_lessons.json in Resources */,
				0FF9EB9D55B576D6D8D9CF9D /* nhk_journal_55min.m4a in Resources */,
				D1087B017E07A19308A4EE82 /* nhk_news_001.m4a in Resources */,
				43655D36050CC1F3DDFDA671 /* nhk_news_002.m4a in Resources */,
				7A4A052EFACEBF8027FDD812 /* nhk_news_003.m4a in Resources */,
				B143370B56C9819959357965 /* rainy_cafe.jpg in Resources */,
				57D3EA14E97AA5F96BC30BDF /* reading_cat.jpg in Resources */,
				20BDAC78F2108A6CB53CC473 /* scenarios.json in Resources */,
				BL_2D78B2C64ABC68DD4D74 /* jlpt_dictionary.json in Resources */,
				3371EBCA48A65A66E4D94444 /* sunset.jpg in Resources */,
				F5E6D7C8B9A0F1E2D3C4B5A6 /* tokyo_subway.jpg in Resources */,
				B3A4C5D6E7F8091A2B3C4D5E /* VoiceBank in Resources */,
				3BD65A7DBAF51742C2F9CBA9 /* washi_paper.jpg in Resources */,
			);
			runOnlyForDeploymentPostprocessing = 0;
		};
/* End PBXResourcesBuildPhase section */

/* Begin PBXSourcesBuildPhase section */
		3188FD08797963F99D033440 /* Sources */ = {
			isa = PBXSourcesBuildPhase;
			buildActionMask = 2147483647;
			files = (
				E09B735D375AFDE30B9450BA /* TokyoFlowTests.swift in Sources */,
			);
			runOnlyForDeploymentPostprocessing = 0;
		};
		4573AABA56CF422144E60AB5 /* Sources */ = {
			isa = PBXSourcesBuildPhase;
			buildActionMask = 2147483647;
			files = (
				1E37BE6CC5356DFC715FE001 /* Announcement.swift in Sources */,
				DE02659BA15D406FEA83C0D4 /* AudioButton.swift in Sources */,
				E4C6DFC7C35B29F56F497423 /* AudioService.swift in Sources */,
				17DF7383F9705DE2DE7DACA2 /* ComicBurstOverlay.swift in Sources */,
				0E5AA3383B614AB2738EE51E /* Curriculum.swift in Sources */,
				1C3BA28CC7D7F8CB46DEA31C /* DailyMissionSheet.swift in Sources */,
				F5A6B7C8D9E0F1A2B3C4D5E6 /* DailyCheckInStreakCardView.swift in Sources */,
				FF989308370B32D97B185A4C /* DailyNewsFeedView.swift in Sources */,
				C1C7FB955407462AA0A0A32D /* DailyNewsItem.swift in Sources */,
				A1C7BACE20D8DD5DDE299F2C /* DailyQuest.swift in Sources */,
				65379E98118EC59F2A8C8EF7 /* DataManager.swift in Sources */,
				33EFC1A132E26F082FAB34EC /* DojoChallenge.swift in Sources */,
				02EB2299F72AF229DAA224C5 /* FlashcardDeckView.swift in Sources */,
				C3E066EB2E671AC145508D74 /* FuriganaText.swift in Sources */,
				26BA575D4AFB80FDA333502C /* GamificationService.swift in Sources */,
				CE68FA7AF95FD71BF446BF37 /* InteractiveRoleplayView.swift in Sources */,
				C2B3C4D5E6F708192A3B4C5D /* JapaneseWordSegmenter.swift in Sources */,
				5E77FF0B5A8070DFF35AC822 /* KanaItem.swift in Sources */,
				71AEC1F2D05CE82FB79A2AE1 /* KanaTableView.swift in Sources */,
				C6008AE106CE2C1624D512BD /* MainTabView.swift in Sources */,
				EE810C2723F67D01C5652AF5 /* MangaLabView.swift in Sources */,
				BFEE2193DD6C93865B6A9E91 /* MangaLesson.swift in Sources */,
				450DBA64DAA089C1B3E5D1EC /* MangaPanelReaderView.swift in Sources */,
				1C749ACF3E1740472DC46579 /* NHKNewsService.swift in Sources */,
				44F7F525AAD81FD0361EFB3C /* NativeAudioPlayer.swift in Sources */,
				7F257D55D54C3ABD49B5A374 /* NewsShadowingLabView.swift in Sources */,
				E3BB39B0896F94ECCEFA27ED /* PitchAccentBadge.swift in Sources */,
				BD07C1A87DB7161D334425AA /* QuestStage.swift in Sources */,
				8F822CC2D60C8E960283074F /* RegisterPill.swift in Sources */,
				D3C4B5A6F7E8D9C0B1A2F3E4 /* SegmentedSentenceWordFlowView.swift in Sources */,
				C1DB8D618165651096762BA8 /* SFXDictionaryView.swift in Sources */,
				8A15A225D66E72FEC14B73DF /* SRSService.swift in Sources */,
				3BEBB99EE18CBD01690BA7FA /* Scenario.swift in Sources */,
				46BC9367AA5229BDAE939527 /* ScenarioDetailView.swift in Sources */,
				A5499B895ACAEF0CD758CD6E /* ScenarioMapView.swift in Sources */,
				D7AE1AC385ACCB82B66D0943 /* StickmanPlayerView.swift in Sources */,
				09A80B7808EF89000934DE4D /* SurvivalCheatSheetView.swift in Sources */,
				A924E606E0E5F14FE716424C /* ThemeManager.swift in Sources */,
				2FEB3EA5ADDB456D92E348F6 /* ThemePickerSheet.swift in Sources */,
				5ACA9D0C6E5EA1727BA37D8D /* TokyoAudioLabView.swift in Sources */,
				770F6B12AE1A8B058B2A934F /* TokyoCitizenChat.swift in Sources */,
				B64849E9FEE4BD59F3279F90 /* TokyoCitizenChatView.swift in Sources */,
				7A581EB71DCB8BF31455C45B /* TokyoDojoView.swift in Sources */,
				B4843225C192B5E3CF902E9E /* TokyoFlowApp.swift in Sources */,
				428BDD4E9C9FCBE8B90D4279 /* TokyoLeaderboard.swift in Sources */,
				00C184BB211246A50ABF7A31 /* TokyoLeaderboardView.swift in Sources */,
				A7FE857B0A8ABF1818C0FB85 /* TokyoPassportView.swift in Sources */,
				026A02925CC14D3974B16FB1 /* TokyoProsodyEngine.swift in Sources */,
				552A6DE4ECC9664BEA65E1C9 /* TokyoQuestMapView.swift in Sources */,
				51588C91FD76E79078AF970A /* TokyoRadioMiniPlayerBar.swift in Sources */,
				5F984B5C2E63CC206CA9F99F /* TokyoRadioPlayerModalView.swift in Sources */,
				516DE64439AFE82721637DBD /* TokyoRadioService.swift in Sources */,
				B2C3D4E5F60718293A4B5C6D /* TokyoVoiceBankService.swift in Sources */,
				BL_07DD25B1E5E3F5DF1E86 /* TokyoProUpgradeModalView.swift in Sources */,
				BL_ACEB422C519653B973F7 /* WeakWordsLabView.swift in Sources */,
				BL_96BD16AA826F4C922EE6 /* JLPTDictionaryView.swift in Sources */,
				BL_F225B6ED1C6FF51D5D2F /* SubscriptionService.swift in Sources */,
				BL_24817A7E1AF3E0F0B155 /* WeakWordTrackerService.swift in Sources */,
				BL_7FACADDA027BA42B1F00 /* JLPTDictionaryService.swift in Sources */,
				BL_155EBCB81B3010C8ACC0 /* JLPTWord.swift in Sources */,
				B4C5D6E7F8091A2B3C4D5E6F /* NotificationService.swift in Sources */,
				935E6D2A4C048F35E779ED28 /* TokyoRadioStation.swift in Sources */,
				F0036368131BB88D16D5DA3C /* TokyoSearchSheet.swift in Sources */,
				C12D4E069C38D695DD954E13 /* TokyoSocialHubView.swift in Sources */,
				A673DA8A80B9E25EA13C0778 /* UserProfile.swift in Sources */,
				4C94B28E2C562B5972655B99 /* WaveformVisualizerView.swift in Sources */,
			);
			runOnlyForDeploymentPostprocessing = 0;
		};
/* End PBXSourcesBuildPhase section */

/* Begin PBXTargetDependency section */
		2F6A6D7DD4C7368EC25E4F0A /* PBXTargetDependency */ = {
			isa = PBXTargetDependency;
			target = 89B83E617BD5EB68B67BF919 /* TokyoFlow */;
			targetProxy = 2B98AC09E3FB5A1EC4D72D34 /* PBXContainerItemProxy */;
		};
/* End PBXTargetDependency section */

/* Begin XCBuildConfiguration section */
		0B34015C99C76C76A9211217 /* Debug */ = {
			isa = XCBuildConfiguration;
			buildSettings = {
				ALWAYS_SEARCH_USER_PATHS = NO;
				CLANG_ANALYZER_NONNULL = YES;
				CLANG_ANALYZER_NUMBER_OBJECT_CONVERSION = YES_AGGRESSIVE;
				CLANG_CXX_LANGUAGE_STANDARD = "gnu++14";
				CLANG_CXX_LIBRARY = "libc++";
				CLANG_ENABLE_MODULES = YES;
				CLANG_ENABLE_OBJC_ARC = YES;
				CLANG_ENABLE_OBJC_WEAK = YES;
				CLANG_WARN_BLOCK_CAPTURE_AUTORELEASING = YES;
				CLANG_WARN_BOOL_CONVERSION = YES;
				CLANG_WARN_COMMA = YES;
				CLANG_WARN_CONSTANT_CONVERSION = YES;
				CLANG_WARN_DEPRECATED_OBJC_IMPLEMENTATIONS = YES;
				CLANG_WARN_DIRECT_OBJC_ISA_USAGE = YES_ERROR;
				CLANG_WARN_DOCUMENTATION_COMMENTS = YES;
				CLANG_WARN_EMPTY_BODY = YES;
				CLANG_WARN_ENUM_CONVERSION = YES;
				CLANG_WARN_INFINITE_RECURSION = YES;
				CLANG_WARN_INT_CONVERSION = YES;
				CLANG_WARN_NON_LITERAL_NULL_CONVERSION = YES;
				CLANG_WARN_OBJC_IMPLICIT_RETAIN_SELF = YES;
				CLANG_WARN_OBJC_LITERAL_CONVERSION = YES;
				CLANG_WARN_OBJC_ROOT_CLASS = YES_ERROR;
				CLANG_WARN_QUOTED_INCLUDE_IN_FRAMEWORK_HEADER = YES;
				CLANG_WARN_RANGE_LOOP_ANALYSIS = YES;
				CLANG_WARN_STRICT_PROTOTYPES = YES;
				CLANG_WARN_SUSPICIOUS_MOVE = YES;
				CLANG_WARN_UNGUARDED_AVAILABILITY = YES_AGGRESSIVE;
				CLANG_WARN_UNREACHABLE_CODE = YES;
				CLANG_WARN__DUPLICATE_METHOD_MATCH = YES;
				COPY_PHASE_STRIP = NO;
				DEBUG_INFORMATION_FORMAT = dwarf;
				ENABLE_STRICT_OBJC_MSGSEND = YES;
				ENABLE_TESTABILITY = YES;
				GCC_C_LANGUAGE_STANDARD = gnu11;
				GCC_DYNAMIC_NO_PIC = NO;
				GCC_NO_COMMON_BLOCKS = YES;
				GCC_OPTIMIZATION_LEVEL = 0;
				GCC_PREPROCESSOR_DEFINITIONS = (
					"$(inherited)",
					"DEBUG=1",
				);
				GCC_WARN_64_TO_32_BIT_CONVERSION = YES;
				GCC_WARN_ABOUT_RETURN_TYPE = YES_ERROR;
				GCC_WARN_UNDECLARED_SELECTOR = YES;
				GCC_WARN_UNINITIALIZED_AUTOS = YES_AGGRESSIVE;
				GCC_WARN_UNUSED_FUNCTION = YES;
				GCC_WARN_UNUSED_VARIABLE = YES;
				IPHONEOS_DEPLOYMENT_TARGET = 17.0;
				MTL_ENABLE_DEBUG_INFO = INCLUDE_SOURCE;
				MTL_FAST_MATH = YES;
				ONLY_ACTIVE_ARCH = YES;
				PRODUCT_NAME = "$(TARGET_NAME)";
				SDKROOT = iphoneos;
				SWIFT_ACTIVE_COMPILATION_CONDITIONS = DEBUG;
				SWIFT_OPTIMIZATION_LEVEL = "-Onone";
				SWIFT_VERSION = 5.0;
			};
			name = Debug;
		};
		24DE1BC3736C2C2FD51E6409 /* Release */ = {
			isa = XCBuildConfiguration;
			buildSettings = {
				ASSETCATALOG_COMPILER_APPICON_NAME = AppIcon;
				CODE_SIGN_IDENTITY = "iPhone Developer";
				"CODE_SIGN_IDENTITY[sdk=iphonesimulator*]" = "-";
				CODE_SIGN_STYLE = Automatic;
				CURRENT_PROJECT_VERSION = 1;
				DEVELOPMENT_TEAM = X5L4GA7WZP;
				ENABLE_PREVIEWS = YES;
				INFOPLIST_FILE = TokyoFlow/Info.plist;
				LD_RUNPATH_SEARCH_PATHS = (
					"$(inherited)",
					"@executable_path/Frameworks",
				);
				MARKETING_VERSION = 1.0.0;
				PRODUCT_BUNDLE_IDENTIFIER = com.tokyoflow.app;
				SDKROOT = iphoneos;
				SWIFT_VERSION = 5.9;
				TARGETED_DEVICE_FAMILY = "1,2";
			};
			name = Release;
		};
		28B0DDA4B8CF689E609F9681 /* Release */ = {
			isa = XCBuildConfiguration;
			buildSettings = {
				ALWAYS_SEARCH_USER_PATHS = NO;
				CLANG_ANALYZER_NONNULL = YES;
				CLANG_ANALYZER_NUMBER_OBJECT_CONVERSION = YES_AGGRESSIVE;
				CLANG_CXX_LANGUAGE_STANDARD = "gnu++14";
				CLANG_CXX_LIBRARY = "libc++";
				CLANG_ENABLE_MODULES = YES;
				CLANG_ENABLE_OBJC_ARC = YES;
				CLANG_ENABLE_OBJC_WEAK = YES;
				CLANG_WARN_BLOCK_CAPTURE_AUTORELEASING = YES;
				CLANG_WARN_BOOL_CONVERSION = YES;
				CLANG_WARN_COMMA = YES;
				CLANG_WARN_CONSTANT_CONVERSION = YES;
				CLANG_WARN_DEPRECATED_OBJC_IMPLEMENTATIONS = YES;
				CLANG_WARN_DIRECT_OBJC_ISA_USAGE = YES_ERROR;
				CLANG_WARN_DOCUMENTATION_COMMENTS = YES;
				CLANG_WARN_EMPTY_BODY = YES;
				CLANG_WARN_ENUM_CONVERSION = YES;
				CLANG_WARN_INFINITE_RECURSION = YES;
				CLANG_WARN_INT_CONVERSION = YES;
				CLANG_WARN_NON_LITERAL_NULL_CONVERSION = YES;
				CLANG_WARN_OBJC_IMPLICIT_RETAIN_SELF = YES;
				CLANG_WARN_OBJC_LITERAL_CONVERSION = YES;
				CLANG_WARN_OBJC_ROOT_CLASS = YES_ERROR;
				CLANG_WARN_QUOTED_INCLUDE_IN_FRAMEWORK_HEADER = YES;
				CLANG_WARN_RANGE_LOOP_ANALYSIS = YES;
				CLANG_WARN_STRICT_PROTOTYPES = YES;
				CLANG_WARN_SUSPICIOUS_MOVE = YES;
				CLANG_WARN_UNGUARDED_AVAILABILITY = YES_AGGRESSIVE;
				CLANG_WARN_UNREACHABLE_CODE = YES;
				CLANG_WARN__DUPLICATE_METHOD_MATCH = YES;
				COPY_PHASE_STRIP = NO;
				DEBUG_INFORMATION_FORMAT = "dwarf-with-dsym";
				ENABLE_NS_ASSERTIONS = NO;
				ENABLE_STRICT_OBJC_MSGSEND = YES;
				GCC_C_LANGUAGE_STANDARD = gnu11;
				GCC_NO_COMMON_BLOCKS = YES;
				GCC_WARN_64_TO_32_BIT_CONVERSION = YES;
				GCC_WARN_ABOUT_RETURN_TYPE = YES_ERROR;
				GCC_WARN_UNDECLARED_SELECTOR = YES;
				GCC_WARN_UNINITIALIZED_AUTOS = YES_AGGRESSIVE;
				GCC_WARN_UNUSED_FUNCTION = YES;
				GCC_WARN_UNUSED_VARIABLE = YES;
				IPHONEOS_DEPLOYMENT_TARGET = 17.0;
				MTL_ENABLE_DEBUG_INFO = NO;
				MTL_FAST_MATH = YES;
				PRODUCT_NAME = "$(TARGET_NAME)";
				SDKROOT = iphoneos;
				SWIFT_COMPILATION_MODE = wholemodule;
				SWIFT_OPTIMIZATION_LEVEL = "-O";
				SWIFT_VERSION = 5.0;
			};
			name = Release;
		};
		3AA905C7086C6FC73CDBAD55 /* Release */ = {
			isa = XCBuildConfiguration;
			buildSettings = {
				BUNDLE_LOADER = "$(TEST_HOST)";
				"CODE_SIGN_IDENTITY[sdk=iphonesimulator*]" = "-";
				CODE_SIGN_STYLE = Automatic;
				DEVELOPMENT_TEAM = X5L4GA7WZP;
				GENERATE_INFOPLIST_FILE = YES;
				LD_RUNPATH_SEARCH_PATHS = (
					"$(inherited)",
					"@executable_path/Frameworks",
					"@loader_path/Frameworks",
				);
				PRODUCT_BUNDLE_IDENTIFIER = com.tokyoflow.app.tests;
				SDKROOT = iphoneos;
				SWIFT_VERSION = 5.9;
				TARGETED_DEVICE_FAMILY = "1,2";
				TEST_HOST = "$(BUILT_PRODUCTS_DIR)/TokyoFlow.app/TokyoFlow";
			};
			name = Release;
		};
		B020CC2A0F58FF90E34CE8E8 /* Debug */ = {
			isa = XCBuildConfiguration;
			buildSettings = {
				BUNDLE_LOADER = "$(TEST_HOST)";
				"CODE_SIGN_IDENTITY[sdk=iphonesimulator*]" = "-";
				CODE_SIGN_STYLE = Automatic;
				DEVELOPMENT_TEAM = X5L4GA7WZP;
				GENERATE_INFOPLIST_FILE = YES;
				LD_RUNPATH_SEARCH_PATHS = (
					"$(inherited)",
					"@executable_path/Frameworks",
					"@loader_path/Frameworks",
				);
				PRODUCT_BUNDLE_IDENTIFIER = com.tokyoflow.app.tests;
				SDKROOT = iphoneos;
				SWIFT_VERSION = 5.9;
				TARGETED_DEVICE_FAMILY = "1,2";
				TEST_HOST = "$(BUILT_PRODUCTS_DIR)/TokyoFlow.app/TokyoFlow";
			};
			name = Debug;
		};
		C959B4F86DB4A5AFA55A660B /* Debug */ = {
			isa = XCBuildConfiguration;
			buildSettings = {
				ASSETCATALOG_COMPILER_APPICON_NAME = AppIcon;
				CODE_SIGN_IDENTITY = "iPhone Developer";
				"CODE_SIGN_IDENTITY[sdk=iphonesimulator*]" = "-";
				CODE_SIGN_STYLE = Automatic;
				CURRENT_PROJECT_VERSION = 1;
				DEVELOPMENT_TEAM = X5L4GA7WZP;
				ENABLE_PREVIEWS = YES;
				INFOPLIST_FILE = TokyoFlow/Info.plist;
				LD_RUNPATH_SEARCH_PATHS = (
					"$(inherited)",
					"@executable_path/Frameworks",
				);
				MARKETING_VERSION = 1.0.0;
				PRODUCT_BUNDLE_IDENTIFIER = com.tokyoflow.app;
				SDKROOT = iphoneos;
				SWIFT_VERSION = 5.9;
				TARGETED_DEVICE_FAMILY = "1,2";
			};
			name = Debug;
		};
/* End XCBuildConfiguration section */

/* Begin XCConfigurationList section */
		07DBD26A1AA2FC9C199AAF41 /* Build configuration list for PBXProject "TokyoFlow" */ = {
			isa = XCConfigurationList;
			buildConfigurations = (
				0B34015C99C76C76A9211217 /* Debug */,
				28B0DDA4B8CF689E609F9681 /* Release */,
			);
			defaultConfigurationIsVisible = 0;
			defaultConfigurationName = Debug;
		};
		60E9B99F33BE8D83D9A2055C /* Build configuration list for PBXNativeTarget "TokyoFlowTests" */ = {
			isa = XCConfigurationList;
			buildConfigurations = (
				B020CC2A0F58FF90E34CE8E8 /* Debug */,
				3AA905C7086C6FC73CDBAD55 /* Release */,
			);
			defaultConfigurationIsVisible = 0;
			defaultConfigurationName = Debug;
		};
		67DD9DA230A91628003AFD15 /* Build configuration list for PBXNativeTarget "TokyoFlow" */ = {
			isa = XCConfigurationList;
			buildConfigurations = (
				C959B4F86DB4A5AFA55A660B /* Debug */,
				24DE1BC3736C2C2FD51E6409 /* Release */,
			);
			defaultConfigurationIsVisible = 0;
			defaultConfigurationName = Debug;
		};
/* End XCConfigurationList section */
	};
	rootObject = D1F59716BD31937153376A96 /* Project object */;
}
